
Microsoft Visual Studio Solution File, Format Version 12.00
# Visual Studio Version 17
VisualStudioVersion = 17.6.33815.320
MinimumVisualStudioVersion = 10.0.40219.1
Project("{9A19103F-16F7-4668-BE54-9A1E7A4F7556}") = "NemesisWebsite", "NemesisWebsite\NemesisWebsite.csproj", "{BD0E8472-6FEA-4BE1-A3B1-6AD6CC69504F}"
EndProject
Global
	GlobalSection(SolutionConfigurationPlatforms) = preSolution
		Debug|Any CPU = Debug|Any CPU
		Release|Any CPU = Release|Any CPU
	EndGlobalSection
	GlobalSection(ProjectConfigurationPlatforms) = postSolution
		{BD0E8472-6FEA-4BE1-A3B1-6AD6CC69504F}.Debug|Any CPU.ActiveCfg = Debug|Any CPU
		{BD0E8472-6FEA-4BE1-A3B1-6AD6CC69504F}.Debug|Any CPU.Build.0 = Debug|Any CPU
		{BD0E8472-6FEA-4BE1-A3B1-6AD6CC69504F}.Release|Any CPU.ActiveCfg = Release|Any CPU
		{BD0E8472-6FEA-4BE1-A3B1-6AD6CC69504F}.Release|Any CPU.Build.0 = Release|Any CPU
	EndGlobalSection
	GlobalSection(SolutionProperties) = preSolution
		HideSolutionNode = FALSE
	EndGlobalSection
	GlobalSection(ExtensibilityGlobals) = postSolution
		SolutionGuid = {703497B6-73B8-4D2B-A71B-024A5F168F7C}
	EndGlobalSection
EndGlobal
